
Microsoft Visual Studio Solution File, Format Version 12.00
# Visual Studio Version 17
VisualStudioVersion = 17.8.34511.84
MinimumVisualStudioVersion = 10.0.40219.1
Project("{FAE04EC0-301F-11D3-BF4B-00C04F79EFBC}") = "QAWebsite", "QAWebsite\QAWebsite.csproj", "{27A90C0E-AFB8-444C-8BE8-EFA2754209F2}"
EndProject
Global
	GlobalSection(SolutionConfigurationPlatforms) = preSolution
		Debug|Any CPU = Debug|Any CPU
		Release|Any CPU = Release|Any CPU
	EndGlobalSection
	GlobalSection(ProjectConfigurationPlatforms) = postSolution
		{27A90C0E-AFB8-444C-8BE8-EFA2754209F2}.Debug|Any CPU.ActiveCfg = Debug|Any CPU
		{27A90C0E-AFB8-444C-8BE8-EFA2754209F2}.Debug|Any CPU.Build.0 = Debug|Any CPU
		{27A90C0E-AFB8-444C-8BE8-EFA2754209F2}.Release|Any CPU.ActiveCfg = Release|Any CPU
		{27A90C0E-AFB8-444C-8BE8-EFA2754209F2}.Release|Any CPU.Build.0 = Release|Any CPU
	EndGlobalSection
	GlobalSection(SolutionProperties) = preSolution
		HideSolutionNode = FALSE
	EndGlobalSection
	GlobalSection(ExtensibilityGlobals) = postSolution
		SolutionGuid = {DE706176-2697-43F2-A582-6C89A986FEDF}
	EndGlobalSection
EndGlobal
